
Microsoft Visual Studio Solution File, Format Version 12.00
# Visual Studio Version 16
VisualStudioVersion = 16.0.30517.126
MinimumVisualStudioVersion = 10.0.40219.1
Project("{FAE04EC0-301F-11D3-BF4B-00C04F79EFBC}") = "MyFirstProject", "MyFirstProject.csproj", "{2B998BD1-9EA6-4C6A-8453-EDC76DE5ED30}"
EndProject
Global
	GlobalSection(SolutionConfigurationPlatforms) = preSolution
		Debug|Any CPU = Debug|Any CPU
		Release|Any CPU = Release|Any CPU
	EndGlobalSection
	GlobalSection(ProjectConfigurationPlatforms) = postSolution
		{2B998BD1-9EA6-4C6A-8453-EDC76DE5ED30}.Debug|Any CPU.ActiveCfg = Debug|Any CPU
		{2B998BD1-9EA6-4C6A-8453-EDC76DE5ED30}.Debug|Any CPU.Build.0 = Debug|Any CPU
		{2B998BD1-9EA6-4C6A-8453-EDC76DE5ED30}.Release|Any CPU.ActiveCfg = Release|Any CPU
		{2B998BD1-9EA6-4C6A-8453-EDC76DE5ED30}.Release|Any CPU.Build.0 = Release|Any CPU
	EndGlobalSection
	GlobalSection(SolutionProperties) = preSolution
		HideSolutionNode = FALSE
	EndGlobalSection
	GlobalSection(ExtensibilityGlobals) = postSolution
		SolutionGuid = {1846E0CF-DEEF-49EA-B3AF-AA8DC516FD6B}
	EndGlobalSection
EndGlobal
